
Microsoft Visual Studio Solution File, Format Version 12.00
# Visual Studio 14
VisualStudioVersion = 14.0.23107.0
MinimumVisualStudioVersion = 10.0.40219.1
Project("{FAE04EC0-301F-11D3-BF4B-00C04F79EFBC}") = "GCTickets-Web", "GCTickets-Web\GCTickets-Web.csproj", "{FA4F3164-3084-42A2-B660-3E3A36368A6B}"
EndProject
Project("{FAE04EC0-301F-11D3-BF4B-00C04F79EFBC}") = "DAL", "DAL\DAL.csproj", "{D7677185-7006-4020-A6D4-A7ED2A241ED5}"
EndProject
Project("{FAE04EC0-301F-11D3-BF4B-00C04F79EFBC}") = "BLL", "BLL\BLL.csproj", "{B3B27107-D044-4EB5-BFAD-D06E843C679F}"
EndProject
Global
	GlobalSection(SolutionConfigurationPlatforms) = preSolution
		Debug|Any CPU = Debug|Any CPU
		Release|Any CPU = Release|Any CPU
	EndGlobalSection
	GlobalSection(ProjectConfigurationPlatforms) = postSolution
		{FA4F3164-3084-42A2-B660-3E3A36368A6B}.Debug|Any CPU.ActiveCfg = Debug|Any CPU
		{FA4F3164-3084-42A2-B660-3E3A36368A6B}.Debug|Any CPU.Build.0 = Debug|Any CPU
		{FA4F3164-3084-42A2-B660-3E3A36368A6B}.Release|Any CPU.ActiveCfg = Release|Any CPU
		{FA4F3164-3084-42A2-B660-3E3A36368A6B}.Release|Any CPU.Build.0 = Release|Any CPU
		{D7677185-7006-4020-A6D4-A7ED2A241ED5}.Debug|Any CPU.ActiveCfg = Debug|Any CPU
		{D7677185-7006-4020-A6D4-A7ED2A241ED5}.Debug|Any CPU.Build.0 = Debug|Any CPU
		{D7677185-7006-4020-A6D4-A7ED2A241ED5}.Release|Any CPU.ActiveCfg = Release|Any CPU
		{D7677185-7006-4020-A6D4-A7ED2A241ED5}.Release|Any CPU.Build.0 = Release|Any CPU
		{B3B27107-D044-4EB5-BFAD-D06E843C679F}.Debug|Any CPU.ActiveCfg = Debug|Any CPU
		{B3B27107-D044-4EB5-BFAD-D06E843C679F}.Debug|Any CPU.Build.0 = Debug|Any CPU
		{B3B27107-D044-4EB5-BFAD-D06E843C679F}.Release|Any CPU.ActiveCfg = Release|Any CPU
		{B3B27107-D044-4EB5-BFAD-D06E843C679F}.Release|Any CPU.Build.0 = Release|Any CPU
	EndGlobalSection
	GlobalSection(SolutionProperties) = preSolution
		HideSolutionNode = FALSE
	EndGlobalSection
EndGlobal
